// !$*UTF8*$!
{
	archiveVersion = 1;
	classes = {
	};
	objectVersion = 46;
	objects = {

/* Begin PBXBuildFile section */
		A7E6430F1909D1150021E0A4 /* Foundation.framework in Frameworks */ = {isa = PBXBuildFile; fileRef = A7E6430E1909D1150021E0A4 /* Foundation.framework */; };
		A7E643111909D1150021E0A4 /* CoreGraphics.framework in Frameworks */ = {isa = PBXBuildFile; fileRef = A7E643101909D1150021E0A4 /* CoreGraphics.framework */; };
		A7E643131909D1150021E0A4 /* UIKit.framework in Frameworks */ = {isa = PBXBuildFile; fileRef = A7E643121909D1150021E0A4 /* UIKit.framework */; };
		A7E643191909D1150021E0A4 /* InfoPlist.strings in Resources */ = {isa = PBXBuildFile; fileRef = A7E643171909D1150021E0A4 /* InfoPlist.strings */; };
		A7E6431B1909D1150021E0A4 /* main.m in Sources */ = {isa = PBXBuildFile; fileRef = A7E6431A1909D1150021E0A4 /* main.m */; };
		A7E6431F1909D1150021E0A4 /* MTAppDelegate.m in Sources */ = {isa = PBXBuildFile; fileRef = A7E6431E1909D1150021E0A4 /* MTAppDelegate.m */; };
		A7E643221909D1150021E0A4 /* Main.storyboard in Resources */ = {isa = PBXBuildFile; fileRef = A7E643201909D1150021E0A4 /* Main.storyboard */; };
		A7E643251909D1150021E0A4 /* MTViewController.m in Sources */ = {isa = PBXBuildFile; fileRef = A7E643241909D1150021E0A4 /* MTViewController.m */; };
		A7E643271909D1150021E0A4 /* Images.xcassets in Resources */ = {isa = PBXBuildFile; fileRef = A7E643261909D1150021E0A4 /* Images.xcassets */; };
		A7E6432E1909D1150021E0A4 /* XCTest.framework in Frameworks */ = {isa = PBXBuildFile; fileRef = A7E6432D1909D1150021E0A4 /* XCTest.framework */; };
		A7E6432F1909D1150021E0A4 /* Foundation.framework in Frameworks */ = {isa = PBXBuildFile; fileRef = A7E6430E1909D1150021E0A4 /* Foundation.framework */; };
		A7E643301909D1150021E0A4 /* UIKit.framework in Frameworks */ = {isa = PBXBuildFile; fileRef = A7E643121909D1150021E0A4 /* UIKit.framework */; };
		A7E643381909D1150021E0A4 /* InfoPlist.strings in Resources */ = {isa = PBXBuildFile; fileRef = A7E643361909D1150021E0A4 /* InfoPlist.strings */; };
		A7E6433A1909D1150021E0A4 /* Maker_TalesTests.m in Sources */ = {isa = PBXBuildFile; fileRef = A7E643391909D1150021E0A4 /* Maker_TalesTests.m */; };
/* End PBXBuildFile section */

/* Begin PBXContainerItemProxy section */
		A7E643311909D1150021E0A4 /* PBXContainerItemProxy */ = {
			isa = PBXContainerItemProxy;
			containerPortal = A7E643031909D1150021E0A4 /* Project object */;
			proxyType = 1;
			remoteGlobalIDString = A7E6430A1909D1150021E0A4;
			remoteInfo = "Maker Tales";
		};
/* End PBXContainerItemProxy section */

/* Begin PBXFileReference section */
		A7E6430B1909D1150021E0A4 /* Maker Tales.app */ = {isa = PBXFileReference; explicitFileType = wrapper.application; includeInIndex = 0; path = "Maker Tales.app"; sourceTree = BUILT_PRODUCTS_DIR; };
		A7E6430E1909D1150021E0A4 /* Foundation.framework */ = {isa = PBXFileReference; lastKnownFileType = wrapper.framework; name = Foundation.framework; path = System/Library/Frameworks/Foundation.framework; sourceTree = SDKROOT; };
		A7E643101909D1150021E0A4 /* CoreGraphics.framework */ = {isa = PBXFileReference; lastKnownFileType = wrapper.framework; name = CoreGraphics.framework; path = System/Library/Frameworks/CoreGraphics.framework; sourceTree = SDKROOT; };
		A7E643121909D1150021E0A4 /* UIKit.framework */ = {isa = PBXFileReference; lastKnownFileType = wrapper.framework; name = UIKit.framework; path = System/Library/Frameworks/UIKit.framework; sourceTree = SDKROOT; };
		A7E643161909D1150021E0A4 /* Maker Tales-Info.plist */ = {isa = PBXFileReference; lastKnownFileType = text.plist.xml; path = "Maker Tales-Info.plist"; sourceTree = "<group>"; };
		A7E643181909D1150021E0A4 /* en */ = {isa = PBXFileReference; lastKnownFileType = text.plist.strings; name = en; path = en.lproj/InfoPlist.strings; sourceTree = "<group>"; };
		A7E6431A1909D1150021E0A4 /* main.m */ = {isa = PBXFileReference; lastKnownFileType = sourcecode.c.objc; path = main.m; sourceTree = "<group>"; };
		A7E6431C1909D1150021E0A4 /* Maker Tales-Prefix.pch */ = {isa = PBXFileReference; lastKnownFileType = sourcecode.c.h; path = "Maker Tales-Prefix.pch"; sourceTree = "<group>"; };
		A7E6431D1909D1150021E0A4 /* MTAppDelegate.h */ = {isa = PBXFileReference; lastKnownFileType = sourcecode.c.h; path = MTAppDelegate.h; sourceTree = "<group>"; };
		A7E6431E1909D1150021E0A4 /* MTAppDelegate.m */ = {isa = PBXFileReference; lastKnownFileType = sourcecode.c.objc; path = MTAppDelegate.m; sourceTree = "<group>"; };
		A7E643211909D1150021E0A4 /* Base */ = {isa = PBXFileReference; lastKnownFileType = file.storyboard; name = Base; path = Base.lproj/Main.storyboard; sourceTree = "<group>"; };
		A7E643231909D1150021E0A4 /* MTViewController.h */ = {isa = PBXFileReference; lastKnownFileType = sourcecode.c.h; path = MTViewController.h; sourceTree = "<group>"; };
		A7E643241909D1150021E0A4 /* MTViewController.m */ = {isa = PBXFileReference; lastKnownFileType = sourcecode.c.objc; path = MTViewController.m; sourceTree = "<group>"; };
		A7E643261909D1150021E0A4 /* Images.xcassets */ = {isa = PBXFileReference; lastKnownFileType = folder.assetcatalog; path = Images.xcassets; sourceTree = "<group>"; };
		A7E6432C1909D1150021E0A4 /* Maker TalesTests.xctest */ = {isa = PBXFileReference; explicitFileType = wrapper.cfbundle; includeInIndex = 0; path = "Maker TalesTests.xctest"; sourceTree = BUILT_PRODUCTS_DIR; };
		A7E6432D1909D1150021E0A4 /* XCTest.framework */ = {isa = PBXFileReference; lastKnownFileType = wrapper.framework; name = XCTest.framework; path = Library/Frameworks/XCTest.framework; sourceTree = DEVELOPER_DIR; };
		A7E643351909D1150021E0A4 /* Maker TalesTests-Info.plist */ = {isa = PBXFileReference; lastKnownFileType = text.plist.xml; path = "Maker TalesTests-Info.plist"; sourceTree = "<group>"; };
		A7E643371909D1150021E0A4 /* en */ = {isa = PBXFileReference; lastKnownFileType = text.plist.strings; name = en; path = en.lproj/InfoPlist.strings; sourceTree = "<group>"; };
		A7E643391909D1150021E0A4 /* Maker_TalesTests.m */ = {isa = PBXFileReference; lastKnownFileType = sourcecode.c.objc; path = Maker_TalesTests.m; sourceTree = "<group>"; };
/* End PBXFileReference section */

/* Begin PBXFrameworksBuildPhase section */
		A7E643081909D1150021E0A4 /* Frameworks */ = {
			isa = PBXFrameworksBuildPhase;
			buildActionMask = 2147483647;
			files = (
				A7E643111909D1150021E0A4 /* CoreGraphics.framework in Frameworks */,
				A7E643131909D1150021E0A4 /* UIKit.framework in Frameworks */,
				A7E6430F1909D1150021E0A4 /* Foundation.framework in Frameworks */,
			);
			runOnlyForDeploymentPostprocessing = 0;
		};
		A7E643291909D1150021E0A4 /* Frameworks */ = {
			isa = PBXFrameworksBuildPhase;
			buildActionMask = 2147483647;
			files = (
				A7E6432E1909D1150021E0A4 /* XCTest.framework in Frameworks */,
				A7E643301909D1150021E0A4 /* UIKit.framework in Frameworks */,
				A7E6432F1909D1150021E0A4 /* Foundation.framework in Frameworks */,
			);
			runOnlyForDeploymentPostprocessing = 0;
		};
/* End PBXFrameworksBuildPhase section */

/* Begin PBXGroup section */
		A7E643021909D1150021E0A4 = {
			isa = PBXGroup;
			children = (
				A7E643141909D1150021E0A4 /* Maker Tales */,
				A7E643331909D1150021E0A4 /* Maker TalesTests */,
				A7E6430D1909D1150021E0A4 /* Frameworks */,
				A7E6430C1909D1150021E0A4 /* Products */,
			);
			sourceTree = "<group>";
		};
		A7E6430C1909D1150021E0A4 /* Products */ = {
			isa = PBXGroup;
			children = (
				A7E6430B1909D1150021E0A4 /* Maker Tales.app */,
				A7E6432C1909D1150021E0A4 /* Maker TalesTests.xctest */,
			);
			name = Products;
			sourceTree = "<group>";
		};
		A7E6430D1909D1150021E0A4 /* Frameworks */ = {
			isa = PBXGroup;
			children = (
				A7E6430E1909D1150021E0A4 /* Foundation.framework */,
				A7E643101909D1150021E0A4 /* CoreGraphics.framework */,
				A7E643121909D1150021E0A4 /* UIKit.framework */,
				A7E6432D1909D1150021E0A4 /* XCTest.framework */,
			);
			name = Frameworks;
			sourceTree = "<group>";
		};
		A7E643141909D1150021E0A4 /* Maker Tales */ = {
			isa = PBXGroup;
			children = (
				A7E6431D1909D1150021E0A4 /* MTAppDelegate.h */,
				A7E6431E1909D1150021E0A4 /* MTAppDelegate.m */,
				A7E643201909D1150021E0A4 /* Main.storyboard */,
				A7E643231909D1150021E0A4 /* MTViewController.h */,
				A7E643241909D1150021E0A4 /* MTViewController.m */,
				A7E643261909D1150021E0A4 /* Images.xcassets */,
				A7E643151909D1150021E0A4 /* Supporting Files */,
			);
			path = "Maker Tales";
			sourceTree = "<group>";
		};
		A7E643151909D1150021E0A4 /* Supporting Files */ = {
			isa = PBXGroup;
			children = (
				A7E643161909D1150021E0A4 /* Maker Tales-Info.plist */,
				A7E643171909D1150021E0A4 /* InfoPlist.strings */,
				A7E6431A1909D1150021E0A4 /* main.m */,
				A7E6431C1909D1150021E0A4 /* Maker Tales-Prefix.pch */,
			);
			name = "Supporting Files";
			sourceTree = "<group>";
		};
		A7E643331909D1150021E0A4 /* Maker TalesTests */ = {
			isa = PBXGroup;
			children = (
				A7E643391909D1150021E0A4 /* Maker_TalesTests.m */,
				A7E643341909D1150021E0A4 /* Supporting Files */,
			);
			path = "Maker TalesTests";
			sourceTree = "<group>";
		};
		A7E643341909D1150021E0A4 /* Supporting Files */ = {
			isa = PBXGroup;
			children = (
				A7E643351909D1150021E0A4 /* Maker TalesTests-Info.plist */,
				A7E643361909D1150021E0A4 /* InfoPlist.strings */,
			);
			name = "Supporting Files";
			sourceTree = "<group>";
		};
/* End PBXGroup section */

/* Begin PBXNativeTarget section */
		A7E6430A1909D1150021E0A4 /* Maker Tales */ = {
			isa = PBXNativeTarget;
			buildConfigurationList = A7E6433D1909D1150021E0A4 /* Build configuration list for PBXNativeTarget "Maker Tales" */;
			buildPhases = (
				A7E643071909D1150021E0A4 /* Sources */,
				A7E643081909D1150021E0A4 /* Frameworks */,
				A7E643091909D1150021E0A4 /* Resources */,
			);
			buildRules = (
			);
			dependencies = (
			);
			name = "Maker Tales";
			productName = "Maker Tales";
			productReference = A7E6430B1909D1150021E0A4 /* Maker Tales.app */;
			productType = "com.apple.product-type.application";
		};
		A7E6432B1909D1150021E0A4 /* Maker TalesTests */ = {
			isa = PBXNativeTarget;
			buildConfigurationList = A7E643401909D1150021E0A4 /* Build configuration list for PBXNativeTarget "Maker TalesTests" */;
			buildPhases = (
				A7E643281909D1150021E0A4 /* Sources */,
				A7E643291909D1150021E0A4 /* Frameworks */,
				A7E6432A1909D1150021E0A4 /* Resources */,
			);
			buildRules = (
			);
			dependencies = (
				A7E643321909D1150021E0A4 /* PBXTargetDependency */,
			);
			name = "Maker TalesTests";
			productName = "Maker TalesTests";
			productReference = A7E6432C1909D1150021E0A4 /* Maker TalesTests.xctest */;
			productType = "com.apple.product-type.bundle.unit-test";
		};
/* End PBXNativeTarget section */

/* Begin PBXProject section */
		A7E643031909D1150021E0A4 /* Project object */ = {
			isa = PBXProject;
			attributes = {
				CLASSPREFIX = MT;
				LastUpgradeCheck = 0510;
				ORGANIZATIONNAME = "Taylor Trimble";
				TargetAttributes = {
					A7E6432B1909D1150021E0A4 = {
						TestTargetID = A7E6430A1909D1150021E0A4;
					};
				};
			};
			buildConfigurationList = A7E643061909D1150021E0A4 /* Build configuration list for PBXProject "Maker Tales" */;
			compatibilityVersion = "Xcode 3.2";
			developmentRegion = English;
			hasScannedForEncodings = 0;
			knownRegions = (
				en,
				Base,
			);
			mainGroup = A7E643021909D1150021E0A4;
			productRefGroup = A7E6430C1909D1150021E0A4 /* Products */;
			projectDirPath = "";
			projectRoot = "";
			targets = (
				A7E6430A1909D1150021E0A4 /* Maker Tales */,
				A7E6432B1909D1150021E0A4 /* Maker TalesTests */,
			);
		};
/* End PBXProject section */

/* Begin PBXResourcesBuildPhase section */
		A7E643091909D1150021E0A4 /* Resources */ = {
			isa = PBXResourcesBuildPhase;
			buildActionMask = 2147483647;
			files = (
				A7E643271909D1150021E0A4 /* Images.xcassets in Resources */,
				A7E643191909D1150021E0A4 /* InfoPlist.strings in Resources */,
				A7E643221909D1150021E0A4 /* Main.storyboard in Resources */,
			);
			runOnlyForDeploymentPostprocessing = 0;
		};
		A7E6432A1909D1150021E0A4 /* Resources */ = {
			isa = PBXResourcesBuildPhase;
			buildActionMask = 2147483647;
			files = (
				A7E643381909D1150021E0A4 /* InfoPlist.strings in Resources */,
			);
			runOnlyForDeploymentPostprocessing = 0;
		};
/* End PBXResourcesBuildPhase section */

/* Begin PBXSourcesBuildPhase section */
		A7E643071909D1150021E0A4 /* Sources */ = {
			isa = PBXSourcesBuildPhase;
			buildActionMask = 2147483647;
			files = (
				A7E6431B1909D1150021E0A4 /* main.m in Sources */,
				A7E643251909D1150021E0A4 /* MTViewController.m in Sources */,
				A7E6431F1909D1150021E0A4 /* MTAppDelegate.m in Sources */,
			);
			runOnlyForDeploymentPostprocessing = 0;
		};
		A7E643281909D1150021E0A4 /* Sources */ = {
			isa = PBXSourcesBuildPhase;
			buildActionMask = 2147483647;
			files = (
				A7E6433A1909D1150021E0A4 /* Maker_TalesTests.m in Sources */,
			);
			runOnlyForDeploymentPostprocessing = 0;
		};
/* End PBXSourcesBuildPhase section */

/* Begin PBXTargetDependency section */
		A7E643321909D1150021E0A4 /* PBXTargetDependency */ = {
			isa = PBXTargetDependency;
			target = A7E6430A1909D1150021E0A4 /* Maker Tales */;
			targetProxy = A7E643311909D1150021E0A4 /* PBXContainerItemProxy */;
		};
/* End PBXTargetDependency section */

/* Begin PBXVariantGroup section */
		A7E643171909D1150021E0A4 /* InfoPlist.strings */ = {
			isa = PBXVariantGroup;
			children = (
				A7E643181909D1150021E0A4 /* en */,
			);
			name = InfoPlist.strings;
			sourceTree = "<group>";
		};
		A7E643201909D1150021E0A4 /* Main.storyboard */ = {
			isa = PBXVariantGroup;
			children = (
				A7E643211909D1150021E0A4 /* Base */,
			);
			name = Main.storyboard;
			sourceTree = "<group>";
		};
		A7E643361909D1150021E0A4 /* InfoPlist.strings */ = {
			isa = PBXVariantGroup;
			children = (
				A7E643371909D1150021E0A4 /* en */,
			);
			name = InfoPlist.strings;
			sourceTree = "<group>";
		};
/* End PBXVariantGroup section */

/* Begin XCBuildConfiguration section */
		A7E6433B1909D1150021E0A4 /* Debug */ = {
			isa = XCBuildConfiguration;
			buildSettings = {
				ALWAYS_SEARCH_USER_PATHS = NO;
				CLANG_CXX_LANGUAGE_STANDARD = "gnu++0x";
				CLANG_CXX_LIBRARY = "libc++";
				CLANG_ENABLE_MODULES = YES;
				CLANG_ENABLE_OBJC_ARC = YES;
				CLANG_WARN_BOOL_CONVERSION = YES;
				CLANG_WARN_CONSTANT_CONVERSION = YES;
				CLANG_WARN_DIRECT_OBJC_ISA_USAGE = YES_ERROR;
				CLANG_WARN_EMPTY_BODY = YES;
				CLANG_WARN_ENUM_CONVERSION = YES;
				CLANG_WARN_INT_CONVERSION = YES;
				CLANG_WARN_OBJC_ROOT_CLASS = YES_ERROR;
				CLANG_WARN__DUPLICATE_METHOD_MATCH = YES;
				"CODE_SIGN_IDENTITY[sdk=iphoneos*]" = "iPhone Developer";
				COPY_PHASE_STRIP = NO;
				GCC_C_LANGUAGE_STANDARD = gnu99;
				GCC_DYNAMIC_NO_PIC = NO;
				GCC_OPTIMIZATION_LEVEL = 0;
				GCC_PREPROCESSOR_DEFINITIONS = (
					"DEBUG=1",
					"$(inherited)",
				);
				GCC_SYMBOLS_PRIVATE_EXTERN = NO;
				GCC_WARN_64_TO_32_BIT_CONVERSION = YES;
				GCC_WARN_ABOUT_RETURN_TYPE = YES_ERROR;
				GCC_WARN_UNDECLARED_SELECTOR = YES;
				GCC_WARN_UNINITIALIZED_AUTOS = YES_AGGRESSIVE;
				GCC_WARN_UNUSED_FUNCTION = YES;
				GCC_WARN_UNUSED_VARIABLE = YES;
				IPHONEOS_DEPLOYMENT_TARGET = 7.1;
				ONLY_ACTIVE_ARCH = YES;
				SDKROOT = iphoneos;
				TARGETED_DEVICE_FAMILY = 2;
			};
			name = Debug;
		};
		A7E6433C1909D1150021E0A4 /* Release */ = {
			isa = XCBuildConfiguration;
			buildSettings = {
				ALWAYS_SEARCH_USER_PATHS = NO;
				CLANG_CXX_LANGUAGE_STANDARD = "gnu++0x";
				CLANG_CXX_LIBRARY = "libc++";
				CLANG_ENABLE_MODULES = YES;
				CLANG_ENABLE_OBJC_ARC = YES;
				CLANG_WARN_BOOL_CONVERSION = YES;
				CLANG_WARN_CONSTANT_CONVERSION = YES;
				CLANG_WARN_DIRECT_OBJC_ISA_USAGE = YES_ERROR;
				CLANG_WARN_EMPTY_BODY = YES;
				CLANG_WARN_ENUM_CONVERSION = YES;
				CLANG_WARN_INT_CONVERSION = YES;
				CLANG_WARN_OBJC_ROOT_CLASS = YES_ERROR;
				CLANG_WARN__DUPLICATE_METHOD_MATCH = YES;
				"CODE_SIGN_IDENTITY[sdk=iphoneos*]" = "iPhone Developer";
				COPY_PHASE_STRIP = YES;
				ENABLE_NS_ASSERTIONS = NO;
				GCC_C_LANGUAGE_STANDARD = gnu99;
				GCC_WARN_64_TO_32_BIT_CONVERSION = YES;
				GCC_WARN_ABOUT_RETURN_TYPE = YES_ERROR;
				GCC_WARN_UNDECLARED_SELECTOR = YES;
				GCC_WARN_UNINITIALIZED_AUTOS = YES_AGGRESSIVE;
				GCC_WARN_UNUSED_FUNCTION = YES;
				GCC_WARN_UNUSED_VARIABLE = YES;
				IPHONEOS_DEPLOYMENT_TARGET = 7.1;
				SDKROOT = iphoneos;
				TARGETED_DEVICE_FAMILY = 2;
				VALIDATE_PRODUCT = YES;
			};
			name = Release;
		};
		A7E6433E1909D1150021E0A4 /* Debug */ = {
			isa = XCBuildConfiguration;
			buildSettings = {
				ASSETCATALOG_COMPILER_APPICON_NAME = AppIcon;
				ASSETCATALOG_COMPILER_LAUNCHIMAGE_NAME = LaunchImage;
				GCC_PRECOMPILE_PREFIX_HEADER = YES;
				GCC_PREFIX_HEADER = "Maker Tales/Maker Tales-Prefix.pch";
				INFOPLIST_FILE = "Maker Tales/Maker Tales-Info.plist";
				IPHONEOS_DEPLOYMENT_TARGET = 7.0;
				PRODUCT_NAME = "$(TARGET_NAME)";
				WRAPPER_EXTENSION = app;
			};
			name = Debug;
		};
		A7E6433F1909D1150021E0A4 /* Release */ = {
			isa = XCBuildConfiguration;
			buildSettings = {
				ASSETCATALOG_COMPILER_APPICON_NAME = AppIcon;
				ASSETCATALOG_COMPILER_LAUNCHIMAGE_NAME = LaunchImage;
				GCC_PRECOMPILE_PREFIX_HEADER = YES;
				GCC_PREFIX_HEADER = "Maker Tales/Maker Tales-Prefix.pch";
				INFOPLIST_FILE = "Maker Tales/Maker Tales-Info.plist";
				IPHONEOS_DEPLOYMENT_TARGET = 7.0;
				PRODUCT_NAME = "$(TARGET_NAME)";
				WRAPPER_EXTENSION = app;
			};
			name = Release;
		};
		A7E643411909D1150021E0A4 /* Debug */ = {
			isa = XCBuildConfiguration;
			buildSettings = {
				BUNDLE_LOADER = "$(BUILT_PRODUCTS_DIR)/Maker Tales.app/Maker Tales";
				FRAMEWORK_SEARCH_PATHS = (
					"$(SDKROOT)/Developer/Library/Frameworks",
					"$(inherited)",
					"$(DEVELOPER_FRAMEWORKS_DIR)",
				);
				GCC_PRECOMPILE_PREFIX_HEADER = YES;
				GCC_PREFIX_HEADER = "Maker Tales/Maker Tales-Prefix.pch";
				GCC_PREPROCESSOR_DEFINITIONS = (
					"DEBUG=1",
					"$(inherited)",
				);
				INFOPLIST_FILE = "Maker TalesTests/Maker TalesTests-Info.plist";
				PRODUCT_NAME = "$(TARGET_NAME)";
				TEST_HOST = "$(BUNDLE_LOADER)";
				WRAPPER_EXTENSION = xctest;
			};
			name = Debug;
		};
		A7E643421909D1150021E0A4 /* Release */ = {
			isa = XCBuildConfiguration;
			buildSettings = {
				BUNDLE_LOADER = "$(BUILT_PRODUCTS_DIR)/Maker Tales.app/Maker Tales";
				FRAMEWORK_SEARCH_PATHS = (
					"$(SDKROOT)/Developer/Library/Frameworks",
					"$(inherited)",
					"$(DEVELOPER_FRAMEWORKS_DIR)",
				);
				GCC_PRECOMPILE_PREFIX_HEADER = YES;
				GCC_PREFIX_HEADER = "Maker Tales/Maker Tales-Prefix.pch";
				INFOPLIST_FILE = "Maker TalesTests/Maker TalesTests-Info.plist";
				PRODUCT_NAME = "$(TARGET_NAME)";
				TEST_HOST = "$(BUNDLE_LOADER)";
				WRAPPER_EXTENSION = xctest;
			};
			name = Release;
		};
/* End XCBuildConfiguration section */

/* Begin XCConfigurationList section */
		A7E643061909D1150021E0A4 /* Build configuration list for PBXProject "Maker Tales" */ = {
			isa = XCConfigurationList;
			buildConfigurations = (
				A7E6433B1909D1150021E0A4 /* Debug */,
				A7E6433C1909D1150021E0A4 /* Release */,
			);
			defaultConfigurationIsVisible = 0;
			defaultConfigurationName = Release;
		};
		A7E6433D1909D1150021E0A4 /* Build configuration list for PBXNativeTarget "Maker Tales" */ = {
			isa = XCConfigurationList;
			buildConfigurations = (
				A7E6433E1909D1150021E0A4 /* Debug */,
				A7E6433F1909D1150021E0A4 /* Release */,
			);
			defaultConfigurationIsVisible = 0;
		};
		A7E643401909D1150021E0A4 /* Build configuration list for PBXNativeTarget "Maker TalesTests" */ = {
			isa = XCConfigurationList;
			buildConfigurations = (
				A7E643411909D1150021E0A4 /* Debug */,
				A7E643421909D1150021E0A4 /* Release */,
			);
			defaultConfigurationIsVisible = 0;
		};
/* End XCConfigurationList section */
	};
	rootObject = A7E643031909D1150021E0A4 /* Project object */;
}
